
Microsoft Visual Studio Solution File, Format Version 12.00
# Visual Studio 2013
VisualStudioVersion = 12.0.31101.0
MinimumVisualStudioVersion = 10.0.40219.1
Project("{FAE04EC0-301F-11D3-BF4B-00C04F79EFBC}") = "AnglesCamp", "AnglesCamp\AnglesCamp.csproj", "{89CBF0F8-FBAE-48D4-B41E-AB73633DADAB}"
EndProject
Project("{FAE04EC0-301F-11D3-BF4B-00C04F79EFBC}") = "DAL", "DAL\DAL.csproj", "{29BED938-7E12-402E-A955-0F3036C32369}"
EndProject
Project("{FAE04EC0-301F-11D3-BF4B-00C04F79EFBC}") = "BLL", "BLL\BLL.csproj", "{900A73B1-8DFD-4C8A-B55D-B02824800AAD}"
EndProject
Project("{FAE04EC0-301F-11D3-BF4B-00C04F79EFBC}") = "BOL", "BOL\BOL.csproj", "{B42C8CBA-CCAB-46FA-A063-5DE96FF7D1FA}"
EndProject
Global
	GlobalSection(SolutionConfigurationPlatforms) = preSolution
		Debug|Any CPU = Debug|Any CPU
		Release|Any CPU = Release|Any CPU
	EndGlobalSection
	GlobalSection(ProjectConfigurationPlatforms) = postSolution
		{89CBF0F8-FBAE-48D4-B41E-AB73633DADAB}.Debug|Any CPU.ActiveCfg = Debug|Any CPU
		{89CBF0F8-FBAE-48D4-B41E-AB73633DADAB}.Debug|Any CPU.Build.0 = Debug|Any CPU
		{89CBF0F8-FBAE-48D4-B41E-AB73633DADAB}.Release|Any CPU.ActiveCfg = Release|Any CPU
		{89CBF0F8-FBAE-48D4-B41E-AB73633DADAB}.Release|Any CPU.Build.0 = Release|Any CPU
		{29BED938-7E12-402E-A955-0F3036C32369}.Debug|Any CPU.ActiveCfg = Debug|Any CPU
		{29BED938-7E12-402E-A955-0F3036C32369}.Debug|Any CPU.Build.0 = Debug|Any CPU
		{29BED938-7E12-402E-A955-0F3036C32369}.Release|Any CPU.ActiveCfg = Release|Any CPU
		{29BED938-7E12-402E-A955-0F3036C32369}.Release|Any CPU.Build.0 = Release|Any CPU
		{900A73B1-8DFD-4C8A-B55D-B02824800AAD}.Debug|Any CPU.ActiveCfg = Debug|Any CPU
		{900A73B1-8DFD-4C8A-B55D-B02824800AAD}.Debug|Any CPU.Build.0 = Debug|Any CPU
		{900A73B1-8DFD-4C8A-B55D-B02824800AAD}.Release|Any CPU.ActiveCfg = Release|Any CPU
		{900A73B1-8DFD-4C8A-B55D-B02824800AAD}.Release|Any CPU.Build.0 = Release|Any CPU
		{B42C8CBA-CCAB-46FA-A063-5DE96FF7D1FA}.Debug|Any CPU.ActiveCfg = Debug|Any CPU
		{B42C8CBA-CCAB-46FA-A063-5DE96FF7D1FA}.Debug|Any CPU.Build.0 = Debug|Any CPU
		{B42C8CBA-CCAB-46FA-A063-5DE96FF7D1FA}.Release|Any CPU.ActiveCfg = Release|Any CPU
		{B42C8CBA-CCAB-46FA-A063-5DE96FF7D1FA}.Release|Any CPU.Build.0 = Release|Any CPU
	EndGlobalSection
	GlobalSection(SolutionProperties) = preSolution
		HideSolutionNode = FALSE
	EndGlobalSection
EndGlobal
